
Microsoft Visual Studio Solution File, Format Version 12.00
# Visual Studio Version 17
VisualStudioVersion = 17.4.33213.308
MinimumVisualStudioVersion = 10.0.40219.1
Project("{9A19103F-16F7-4668-BE54-9A1E7A4F7556}") = "Juan-Pierre_Sizanani_Test", "Juan-Pierre_Sizanani_Test\Juan-Pierre_Sizanani_Test.csproj", "{7D4F588D-793F-4614-82B9-F1584B8071DD}"
EndProject
Global
	GlobalSection(SolutionConfigurationPlatforms) = preSolution
		Debug|Any CPU = Debug|Any CPU
		Release|Any CPU = Release|Any CPU
	EndGlobalSection
	GlobalSection(ProjectConfigurationPlatforms) = postSolution
		{7D4F588D-793F-4614-82B9-F1584B8071DD}.Debug|Any CPU.ActiveCfg = Debug|Any CPU
		{7D4F588D-793F-4614-82B9-F1584B8071DD}.Debug|Any CPU.Build.0 = Debug|Any CPU
		{7D4F588D-793F-4614-82B9-F1584B8071DD}.Release|Any CPU.ActiveCfg = Release|Any CPU
		{7D4F588D-793F-4614-82B9-F1584B8071DD}.Release|Any CPU.Build.0 = Release|Any CPU
	EndGlobalSection
	GlobalSection(SolutionProperties) = preSolution
		HideSolutionNode = FALSE
	EndGlobalSection
	GlobalSection(ExtensibilityGlobals) = postSolution
		SolutionGuid = {A42CADC6-3475-4319-BD0A-F16E13B02BFD}
	EndGlobalSection
EndGlobal
